
Microsoft Visual Studio Solution File, Format Version 12.00
# Visual Studio Version 17
VisualStudioVersion = 17.0.31903.59
MinimumVisualStudioVersion = 10.0.40219.1
Project("{2150E333-8FDC-42A3-9474-1A3956D46DE8}") = "src", "src", "{827E0CD3-B72D-47B6-A68D-7590B98EB39B}"
EndProject
Project("{FAE04EC0-301F-11D3-BF4B-00C04F79EFBC}") = "Cauce.Domain", "src\Cauce.Domain\Cauce.Domain.csproj", "{8CC56916-F0BF-40F0-BD69-D2C94A43B860}"
EndProject
Project("{FAE04EC0-301F-11D3-BF4B-00C04F79EFBC}") = "Cauce.Application", "src\Cauce.Application\Cauce.Application.csproj", "{60DE69C0-DDE6-44EB-B8D0-8A9F465C8F3A}"
EndProject
Project("{FAE04EC0-301F-11D3-BF4B-00C04F79EFBC}") = "Cauce.Infrastructure", "src\Cauce.Infrastructure\Cauce.Infrastructure.csproj", "{F95CD14B-727E-4861-851B-4F95CB542F18}"
EndProject
Project("{FAE04EC0-301F-11D3-BF4B-00C04F79EFBC}") = "Cauce.Api", "src\Cauce.Api\Cauce.Api.csproj", "{23435A98-4E25-4D82-8B6F-014C3D5BAD84}"
EndProject
Project("{FAE04EC0-301F-11D3-BF4B-00C04F79EFBC}") = "Cauce.Domain.Tests", "tests\Cauce.Domain.Tests\Cauce.Domain.Tests.csproj", "{C372E9B1-B085-4E0A-B6A1-AF8074F3DD4B}"
EndProject
Project("{FAE04EC0-301F-11D3-BF4B-00C04F79EFBC}") = "Cauce.Application.Tests", "tests\Cauce.Application.Tests\Cauce.Application.Tests.csproj", "{56ADFA06-1547-44FA-A70C-1BDCFBEB83FA}"
EndProject
Project("{FAE04EC0-301F-11D3-BF4B-00C04F79EFBC}") = "Cauce.Api.IntegrationTests", "tests\Cauce.Api.IntegrationTests\Cauce.Api.IntegrationTests.csproj", "{CBD684F2-D8FC-4333-B0A5-A049D46544A0}"
EndProject
Project("{2150E333-8FDC-42A3-9474-1A3956D46DE8}") = "tests", "tests", "{0AB3BF05-4346-4AA6-1389-037BE0695223}"
EndProject
Project("{FAE04EC0-301F-11D3-BF4B-00C04F79EFBC}") = "Cauce.Infrastructure.Tests", "tests\Cauce.Infrastructure.Tests\Cauce.Infrastructure.Tests.csproj", "{B8417952-5C8C-4E2F-8B4E-004B151D93E5}"
EndProject
Global
	GlobalSection(SolutionConfigurationPlatforms) = preSolution
		Debug|Any CPU = Debug|Any CPU
		Debug|x64 = Debug|x64
		Debug|x86 = Debug|x86
		Release|Any CPU = Release|Any CPU
		Release|x64 = Release|x64
		Release|x86 = Release|x86
	EndGlobalSection
	GlobalSection(ProjectConfigurationPlatforms) = postSolution
		{8CC56916-F0BF-40F0-BD69-D2C94A43B860}.Debug|Any CPU.ActiveCfg = Debug|Any CPU
		{8CC56916-F0BF-40F0-BD69-D2C94A43B860}.Debug|Any CPU.Build.0 = Debug|Any CPU
		{8CC56916-F0BF-40F0-BD69-D2C94A43B860}.Debug|x64.ActiveCfg = Debug|Any CPU
		{8CC56916-F0BF-40F0-BD69-D2C94A43B860}.Debug|x64.Build.0 = Debug|Any CPU
		{8CC56916-F0BF-40F0-BD69-D2C94A43B860}.Debug|x86.ActiveCfg = Debug|Any CPU
		{8CC56916-F0BF-40F0-BD69-D2C94A43B860}.Debug|x86.Build.0 = Debug|Any CPU
		{8CC56916-F0BF-40F0-BD69-D2C94A43B860}.Release|Any CPU.ActiveCfg = Release|Any CPU
		{8CC56916-F0BF-40F0-BD69-D2C94A43B860}.Release|Any CPU.Build.0 = Release|Any CPU
		{8CC56916-F0BF-40F0-BD69-D2C94A43B860}.Release|x64.ActiveCfg = Release|Any CPU
		{8CC56916-F0BF-40F0-BD69-D2C94A43B860}.Release|x64.Build.0 = Release|Any CPU
		{8CC56916-F0BF-40F0-BD69-D2C94A43B860}.Release|x86.ActiveCfg = Release|Any CPU
		{8CC56916-F0BF-40F0-BD69-D2C94A43B860}.Release|x86.Build.0 = Release|Any CPU
		{60DE69C0-DDE6-44EB-B8D0-8A9F465C8F3A}.Debug|Any CPU.ActiveCfg = Debug|Any CPU
		{60DE69C0-DDE6-44EB-B8D0-8A9F465C8F3A}.Debug|Any CPU.Build.0 = Debug|Any CPU
		{60DE69C0-DDE6-44EB-B8D0-8A9F465C8F3A}.Debug|x64.ActiveCfg = Debug|Any CPU
		{60DE69C0-DDE6-44EB-B8D0-8A9F465C8F3A}.Debug|x64.Build.0 = Debug|Any CPU
		{60DE69C0-DDE6-44EB-B8D0-8A9F465C8F3A}.Debug|x86.ActiveCfg = Debug|Any CPU
		{60DE69C0-DDE6-44EB-B8D0-8A9F465C8F3A}.Debug|x86.Build.0 = Debug|Any CPU
		{60DE69C0-DDE6-44EB-B8D0-8A9F465C8F3A}.Release|Any CPU.ActiveCfg = Release|Any CPU
		{60DE69C0-DDE6-44EB-B8D0-8A9F465C8F3A}.Release|Any CPU.Build.0 = Release|Any CPU
		{60DE69C0-DDE6-44EB-B8D0-8A9F465C8F3A}.Release|x64.ActiveCfg = Release|Any CPU
		{60DE69C0-DDE6-44EB-B8D0-8A9F465C8F3A}.Release|x64.Build.0 = Release|Any CPU
		{60DE69C0-DDE6-44EB-B8D0-8A9F465C8F3A}.Release|x86.ActiveCfg = Release|Any CPU
		{60DE69C0-DDE6-44EB-B8D0-8A9F465C8F3A}.Release|x86.Build.0 = Release|Any CPU
		{F95CD14B-727E-4861-851B-4F95CB542F18}.Debug|Any CPU.ActiveCfg = Debug|Any CPU
		{F95CD14B-727E-4861-851B-4F95CB542F18}.Debug|Any CPU.Build.0 = Debug|Any CPU
		{F95CD14B-727E-4861-851B-4F95CB542F18}.Debug|x64.ActiveCfg = Debug|Any CPU
		{F95CD14B-727E-4861-851B-4F95CB542F18}.Debug|x64.Build.0 = Debug|Any CPU
		{F95CD14B-727E-4861-851B-4F95CB542F18}.Debug|x86.ActiveCfg = Debug|Any CPU
		{F95CD14B-727E-4861-851B-4F95CB542F18}.Debug|x86.Build.0 = Debug|Any CPU
		{F95CD14B-727E-4861-851B-4F95CB542F18}.Release|Any CPU.ActiveCfg = Release|Any CPU
		{F95CD14B-727E-4861-851B-4F95CB542F18}.Release|Any CPU.Build.0 = Release|Any CPU
		{F95CD14B-727E-4861-851B-4F95CB542F18}.Release|x64.ActiveCfg = Release|Any CPU
		{F95CD14B-727E-4861-851B-4F95CB542F18}.Release|x64.Build.0 = Release|Any CPU
		{F95CD14B-727E-4861-851B-4F95CB542F18}.Release|x86.ActiveCfg = Release|Any CPU
		{F95CD14B-727E-4861-851B-4F95CB542F18}.Release|x86.Build.0 = Release|Any CPU
		{23435A98-4E25-4D82-8B6F-014C3D5BAD84}.Debug|Any CPU.ActiveCfg = Debug|Any CPU
		{23435A98-4E25-4D82-8B6F-014C3D5BAD84}.Debug|Any CPU.Build.0 = Debug|Any CPU
		{23435A98-4E25-4D82-8B6F-014C3D5BAD84}.Debug|x64.ActiveCfg = Debug|Any CPU
		{23435A98-4E25-4D82-8B6F-014C3D5BAD84}.Debug|x64.Build.0 = Debug|Any CPU
		{23435A98-4E25-4D82-8B6F-014C3D5BAD84}.Debug|x86.ActiveCfg = Debug|Any CPU
		{23435A98-4E25-4D82-8B6F-014C3D5BAD84}.Debug|x86.Build.0 = Debug|Any CPU
		{23435A98-4E25-4D82-8B6F-014C3D5BAD84}.Release|Any CPU.ActiveCfg = Release|Any CPU
		{23435A98-4E25-4D82-8B6F-014C3D5BAD84}.Release|Any CPU.Build.0 = Release|Any CPU
		{23435A98-4E25-4D82-8B6F-014C3D5BAD84}.Release|x64.ActiveCfg = Release|Any CPU
		{23435A98-4E25-4D82-8B6F-014C3D5BAD84}.Release|x64.Build.0 = Release|Any CPU
		{23435A98-4E25-4D82-8B6F-014C3D5BAD84}.Release|x86.ActiveCfg = Release|Any CPU
		{23435A98-4E25-4D82-8B6F-014C3D5BAD84}.Release|x86.Build.0 = Release|Any CPU
		{C372E9B1-B085-4E0A-B6A1-AF8074F3DD4B}.Debug|Any CPU.ActiveCfg = Debug|Any CPU
		{C372E9B1-B085-4E0A-B6A1-AF8074F3DD4B}.Debug|Any CPU.Build.0 = Debug|Any CPU
		{C372E9B1-B085-4E0A-B6A1-AF8074F3DD4B}.Debug|x64.ActiveCfg = Debug|Any CPU
		{C372E9B1-B085-4E0A-B6A1-AF8074F3DD4B}.Debug|x64.Build.0 = Debug|Any CPU
		{C372E9B1-B085-4E0A-B6A1-AF8074F3DD4B}.Debug|x86.ActiveCfg = Debug|Any CPU
		{C372E9B1-B085-4E0A-B6A1-AF8074F3DD4B}.Debug|x86.Build.0 = Debug|Any CPU
		{C372E9B1-B085-4E0A-B6A1-AF8074F3DD4B}.Release|Any CPU.ActiveCfg = Release|Any CPU
		{C372E9B1-B085-4E0A-B6A1-AF8074F3DD4B}.Release|Any CPU.Build.0 = Release|Any CPU
		{C372E9B1-B085-4E0A-B6A1-AF8074F3DD4B}.Release|x64.ActiveCfg = Release|Any CPU
		{C372E9B1-B085-4E0A-B6A1-AF8074F3DD4B}.Release|x64.Build.0 = Release|Any CPU
		{C372E9B1-B085-4E0A-B6A1-AF8074F3DD4B}.Release|x86.ActiveCfg = Release|Any CPU
		{C372E9B1-B085-4E0A-B6A1-AF8074F3DD4B}.Release|x86.Build.0 = Release|Any CPU
		{56ADFA06-1547-44FA-A70C-1BDCFBEB83FA}.Debug|Any CPU.ActiveCfg = Debug|Any CPU
		{56ADFA06-1547-44FA-A70C-1BDCFBEB83FA}.Debug|Any CPU.Build.0 = Debug|Any CPU
		{56ADFA06-1547-44FA-A70C-1BDCFBEB83FA}.Debug|x64.ActiveCfg = Debug|Any CPU
		{56ADFA06-1547-44FA-A70C-1BDCFBEB83FA}.Debug|x64.Build.0 = Debug|Any CPU
		{56ADFA06-1547-44FA-A70C-1BDCFBEB83FA}.Debug|x86.ActiveCfg = Debug|Any CPU
		{56ADFA06-1547-44FA-A70C-1BDCFBEB83FA}.Debug|x86.Build.0 = Debug|Any CPU
		{56ADFA06-1547-44FA-A70C-1BDCFBEB83FA}.Release|Any CPU.ActiveCfg = Release|Any CPU
		{56ADFA06-1547-44FA-A70C-1BDCFBEB83FA}.Release|Any CPU.Build.0 = Release|Any CPU
		{56ADFA06-1547-44FA-A70C-1BDCFBEB83FA}.Release|x64.ActiveCfg = Release|Any CPU
		{56ADFA06-1547-44FA-A70C-1BDCFBEB83FA}.Release|x64.Build.0 = Release|Any CPU
		{56ADFA06-1547-44FA-A70C-1BDCFBEB83FA}.Release|x86.ActiveCfg = Release|Any CPU
		{56ADFA06-1547-44FA-A70C-1BDCFBEB83FA}.Release|x86.Build.0 = Release|Any CPU
		{CBD684F2-D8FC-4333-B0A5-A049D46544A0}.Debug|Any CPU.ActiveCfg = Debug|Any CPU
		{CBD684F2-D8FC-4333-B0A5-A049D46544A0}.Debug|Any CPU.Build.0 = Debug|Any CPU
		{CBD684F2-D8FC-4333-B0A5-A049D46544A0}.Debug|x64.ActiveCfg = Debug|Any CPU
		{CBD684F2-D8FC-4333-B0A5-A049D46544A0}.Debug|x64.Build.0 = Debug|Any CPU
		{CBD684F2-D8FC-4333-B0A5-A049D46544A0}.Debug|x86.ActiveCfg = Debug|Any CPU
		{CBD684F2-D8FC-4333-B0A5-A049D46544A0}.Debug|x86.Build.0 = Debug|Any CPU
		{CBD684F2-D8FC-4333-B0A5-A049D46544A0}.Release|Any CPU.ActiveCfg = Release|Any CPU
		{CBD684F2-D8FC-4333-B0A5-A049D46544A0}.Release|Any CPU.Build.0 = Release|Any CPU
		{CBD684F2-D8FC-4333-B0A5-A049D46544A0}.Release|x64.ActiveCfg = Release|Any CPU
		{CBD684F2-D8FC-4333-B0A5-A049D46544A0}.Release|x64.Build.0 = Release|Any CPU
		{CBD684F2-D8FC-4333-B0A5-A049D46544A0}.Release|x86.ActiveCfg = Release|Any CPU
		{CBD684F2-D8FC-4333-B0A5-A049D46544A0}.Release|x86.Build.0 = Release|Any CPU
		{B8417952-5C8C-4E2F-8B4E-004B151D93E5}.Debug|Any CPU.ActiveCfg = Debug|Any CPU
		{B8417952-5C8C-4E2F-8B4E-004B151D93E5}.Debug|Any CPU.Build.0 = Debug|Any CPU
		{B8417952-5C8C-4E2F-8B4E-004B151D93E5}.Debug|x64.ActiveCfg = Debug|Any CPU
		{B8417952-5C8C-4E2F-8B4E-004B151D93E5}.Debug|x64.Build.0 = Debug|Any CPU
		{B8417952-5C8C-4E2F-8B4E-004B151D93E5}.Debug|x86.ActiveCfg = Debug|Any CPU
		{B8417952-5C8C-4E2F-8B4E-004B151D93E5}.Debug|x86.Build.0 = Debug|Any CPU
		{B8417952-5C8C-4E2F-8B4E-004B151D93E5}.Release|Any CPU.ActiveCfg = Release|Any CPU
		{B8417952-5C8C-4E2F-8B4E-004B151D93E5}.Release|Any CPU.Build.0 = Release|Any CPU
		{B8417952-5C8C-4E2F-8B4E-004B151D93E5}.Release|x64.ActiveCfg = Release|Any CPU
		{B8417952-5C8C-4E2F-8B4E-004B151D93E5}.Release|x64.Build.0 = Release|Any CPU
		{B8417952-5C8C-4E2F-8B4E-004B151D93E5}.Release|x86.ActiveCfg = Release|Any CPU
		{B8417952-5C8C-4E2F-8B4E-004B151D93E5}.Release|x86.Build.0 = Release|Any CPU
	EndGlobalSection
	GlobalSection(SolutionProperties) = preSolution
		HideSolutionNode = FALSE
	EndGlobalSection
	GlobalSection(NestedProjects) = preSolution
		{8CC56916-F0BF-40F0-BD69-D2C94A43B860} = {827E0CD3-B72D-47B6-A68D-7590B98EB39B}
		{60DE69C0-DDE6-44EB-B8D0-8A9F465C8F3A} = {827E0CD3-B72D-47B6-A68D-7590B98EB39B}
		{F95CD14B-727E-4861-851B-4F95CB542F18} = {827E0CD3-B72D-47B6-A68D-7590B98EB39B}
		{23435A98-4E25-4D82-8B6F-014C3D5BAD84} = {827E0CD3-B72D-47B6-A68D-7590B98EB39B}
		{C372E9B1-B085-4E0A-B6A1-AF8074F3DD4B} = {827E0CD3-B72D-47B6-A68D-7590B98EB39B}
		{56ADFA06-1547-44FA-A70C-1BDCFBEB83FA} = {827E0CD3-B72D-47B6-A68D-7590B98EB39B}
		{CBD684F2-D8FC-4333-B0A5-A049D46544A0} = {827E0CD3-B72D-47B6-A68D-7590B98EB39B}
		{B8417952-5C8C-4E2F-8B4E-004B151D93E5} = {0AB3BF05-4346-4AA6-1389-037BE0695223}
	EndGlobalSection
EndGlobal
